
Microsoft Visual Studio Solution File, Format Version 12.00
# Visual Studio Version 16
VisualStudioVersion = 16.0.31702.278
MinimumVisualStudioVersion = 10.0.40219.1
Project("{FAE04EC0-301F-11D3-BF4B-00C04F79EFBC}") = "ATIVIDADE 25", "ATIVIDADE 25\ATIVIDADE 25.csproj", "{687EAD2A-97DF-4247-90CF-E6EB76C39DA4}"
EndProject
Global
	GlobalSection(SolutionConfigurationPlatforms) = preSolution
		Debug|Any CPU = Debug|Any CPU
		Release|Any CPU = Release|Any CPU
	EndGlobalSection
	GlobalSection(ProjectConfigurationPlatforms) = postSolution
		{687EAD2A-97DF-4247-90CF-E6EB76C39DA4}.Debug|Any CPU.ActiveCfg = Debug|Any CPU
		{687EAD2A-97DF-4247-90CF-E6EB76C39DA4}.Debug|Any CPU.Build.0 = Debug|Any CPU
		{687EAD2A-97DF-4247-90CF-E6EB76C39DA4}.Release|Any CPU.ActiveCfg = Release|Any CPU
		{687EAD2A-97DF-4247-90CF-E6EB76C39DA4}.Release|Any CPU.Build.0 = Release|Any CPU
	EndGlobalSection
	GlobalSection(SolutionProperties) = preSolution
		HideSolutionNode = FALSE
	EndGlobalSection
	GlobalSection(ExtensibilityGlobals) = postSolution
		SolutionGuid = {DEFEA3D7-7838-41F6-9ADC-03C21F4E115E}
	EndGlobalSection
EndGlobal
