
Microsoft Visual Studio Solution File, Format Version 12.00
# Visual Studio Version 16
VisualStudioVersion = 16.0.31702.278
MinimumVisualStudioVersion = 10.0.40219.1
Project("{FAE04EC0-301F-11D3-BF4B-00C04F79EFBC}") = "ATIVIDADE 3 EXERCICIO 7", "ATIVIDADE 3 EXERCICIO 7\ATIVIDADE 3 EXERCICIO 7.csproj", "{6AF845C8-C991-47A0-9C5D-4A3A4AB084D8}"
EndProject
Global
	GlobalSection(SolutionConfigurationPlatforms) = preSolution
		Debug|Any CPU = Debug|Any CPU
		Release|Any CPU = Release|Any CPU
	EndGlobalSection
	GlobalSection(ProjectConfigurationPlatforms) = postSolution
		{6AF845C8-C991-47A0-9C5D-4A3A4AB084D8}.Debug|Any CPU.ActiveCfg = Debug|Any CPU
		{6AF845C8-C991-47A0-9C5D-4A3A4AB084D8}.Debug|Any CPU.Build.0 = Debug|Any CPU
		{6AF845C8-C991-47A0-9C5D-4A3A4AB084D8}.Release|Any CPU.ActiveCfg = Release|Any CPU
		{6AF845C8-C991-47A0-9C5D-4A3A4AB084D8}.Release|Any CPU.Build.0 = Release|Any CPU
	EndGlobalSection
	GlobalSection(SolutionProperties) = preSolution
		HideSolutionNode = FALSE
	EndGlobalSection
	GlobalSection(ExtensibilityGlobals) = postSolution
		SolutionGuid = {F16E070D-3CBF-41A9-893F-AB97D1F0B505}
	EndGlobalSection
EndGlobal
