
Microsoft Visual Studio Solution File, Format Version 12.00
# Visual Studio Version 16
VisualStudioVersion = 16.0.31702.278
MinimumVisualStudioVersion = 10.0.40219.1
Project("{FAE04EC0-301F-11D3-BF4B-00C04F79EFBC}") = "atividade 4", "atividade 4\atividade 4.csproj", "{B04B1DAB-4864-4A13-AA74-E3C38D4EFF0F}"
EndProject
Global
	GlobalSection(SolutionConfigurationPlatforms) = preSolution
		Debug|Any CPU = Debug|Any CPU
		Release|Any CPU = Release|Any CPU
	EndGlobalSection
	GlobalSection(ProjectConfigurationPlatforms) = postSolution
		{B04B1DAB-4864-4A13-AA74-E3C38D4EFF0F}.Debug|Any CPU.ActiveCfg = Debug|Any CPU
		{B04B1DAB-4864-4A13-AA74-E3C38D4EFF0F}.Debug|Any CPU.Build.0 = Debug|Any CPU
		{B04B1DAB-4864-4A13-AA74-E3C38D4EFF0F}.Release|Any CPU.ActiveCfg = Release|Any CPU
		{B04B1DAB-4864-4A13-AA74-E3C38D4EFF0F}.Release|Any CPU.Build.0 = Release|Any CPU
	EndGlobalSection
	GlobalSection(SolutionProperties) = preSolution
		HideSolutionNode = FALSE
	EndGlobalSection
	GlobalSection(ExtensibilityGlobals) = postSolution
		SolutionGuid = {56525542-6095-43CD-B3F3-9AB853FF1A6C}
	EndGlobalSection
EndGlobal
