
Microsoft Visual Studio Solution File, Format Version 12.00
# Visual Studio Version 16
VisualStudioVersion = 16.0.31702.278
MinimumVisualStudioVersion = 10.0.40219.1
Project("{FAE04EC0-301F-11D3-BF4B-00C04F79EFBC}") = "PROVA_EXERCICIO4", "PROVA_EXERCICIO4\PROVA_EXERCICIO4.csproj", "{9457962E-288C-4A74-B3C2-2C29FA4F33BE}"
EndProject
Global
	GlobalSection(SolutionConfigurationPlatforms) = preSolution
		Debug|Any CPU = Debug|Any CPU
		Release|Any CPU = Release|Any CPU
	EndGlobalSection
	GlobalSection(ProjectConfigurationPlatforms) = postSolution
		{9457962E-288C-4A74-B3C2-2C29FA4F33BE}.Debug|Any CPU.ActiveCfg = Debug|Any CPU
		{9457962E-288C-4A74-B3C2-2C29FA4F33BE}.Debug|Any CPU.Build.0 = Debug|Any CPU
		{9457962E-288C-4A74-B3C2-2C29FA4F33BE}.Release|Any CPU.ActiveCfg = Release|Any CPU
		{9457962E-288C-4A74-B3C2-2C29FA4F33BE}.Release|Any CPU.Build.0 = Release|Any CPU
	EndGlobalSection
	GlobalSection(SolutionProperties) = preSolution
		HideSolutionNode = FALSE
	EndGlobalSection
	GlobalSection(ExtensibilityGlobals) = postSolution
		SolutionGuid = {B32846C8-A5A8-43AF-8019-4FDDF9582723}
	EndGlobalSection
EndGlobal
