
Microsoft Visual Studio Solution File, Format Version 12.00
# Visual Studio Version 16
VisualStudioVersion = 16.0.31702.278
MinimumVisualStudioVersion = 10.0.40219.1
Project("{FAE04EC0-301F-11D3-BF4B-00C04F79EFBC}") = "ATIVIDADE 3", "ATIVIDADE 3\ATIVIDADE 3.csproj", "{466E7D50-9F30-4390-8C45-04ACC39AF439}"
EndProject
Global
	GlobalSection(SolutionConfigurationPlatforms) = preSolution
		Debug|Any CPU = Debug|Any CPU
		Release|Any CPU = Release|Any CPU
	EndGlobalSection
	GlobalSection(ProjectConfigurationPlatforms) = postSolution
		{466E7D50-9F30-4390-8C45-04ACC39AF439}.Debug|Any CPU.ActiveCfg = Debug|Any CPU
		{466E7D50-9F30-4390-8C45-04ACC39AF439}.Debug|Any CPU.Build.0 = Debug|Any CPU
		{466E7D50-9F30-4390-8C45-04ACC39AF439}.Release|Any CPU.ActiveCfg = Release|Any CPU
		{466E7D50-9F30-4390-8C45-04ACC39AF439}.Release|Any CPU.Build.0 = Release|Any CPU
	EndGlobalSection
	GlobalSection(SolutionProperties) = preSolution
		HideSolutionNode = FALSE
	EndGlobalSection
	GlobalSection(ExtensibilityGlobals) = postSolution
		SolutionGuid = {7EDC9BD5-DD55-4992-8D9D-85CC62BC633B}
	EndGlobalSection
EndGlobal
