
Microsoft Visual Studio Solution File, Format Version 12.00
# Visual Studio Version 16
VisualStudioVersion = 16.0.31702.278
MinimumVisualStudioVersion = 10.0.40219.1
Project("{FAE04EC0-301F-11D3-BF4B-00C04F79EFBC}") = "ATIVIDADE 1", "ATIVIDADE 1\ATIVIDADE 1.csproj", "{72732B0E-B8C5-4488-9704-32381AE2A35E}"
EndProject
Global
	GlobalSection(SolutionConfigurationPlatforms) = preSolution
		Debug|Any CPU = Debug|Any CPU
		Release|Any CPU = Release|Any CPU
	EndGlobalSection
	GlobalSection(ProjectConfigurationPlatforms) = postSolution
		{72732B0E-B8C5-4488-9704-32381AE2A35E}.Debug|Any CPU.ActiveCfg = Debug|Any CPU
		{72732B0E-B8C5-4488-9704-32381AE2A35E}.Debug|Any CPU.Build.0 = Debug|Any CPU
		{72732B0E-B8C5-4488-9704-32381AE2A35E}.Release|Any CPU.ActiveCfg = Release|Any CPU
		{72732B0E-B8C5-4488-9704-32381AE2A35E}.Release|Any CPU.Build.0 = Release|Any CPU
	EndGlobalSection
	GlobalSection(SolutionProperties) = preSolution
		HideSolutionNode = FALSE
	EndGlobalSection
	GlobalSection(ExtensibilityGlobals) = postSolution
		SolutionGuid = {0C1A86CB-E497-4B6E-A44B-C437B7DA44CE}
	EndGlobalSection
EndGlobal
