
Microsoft Visual Studio Solution File, Format Version 12.00
# Visual Studio Version 16
VisualStudioVersion = 16.0.31702.278
MinimumVisualStudioVersion = 10.0.40219.1
Project("{FAE04EC0-301F-11D3-BF4B-00C04F79EFBC}") = "PROVA JOGO DA VELHA", "PROVA JOGO DA VELHA\PROVA JOGO DA VELHA.csproj", "{40DECDEB-8739-48FE-B9A6-BF7314CAB312}"
EndProject
Global
	GlobalSection(SolutionConfigurationPlatforms) = preSolution
		Debug|Any CPU = Debug|Any CPU
		Release|Any CPU = Release|Any CPU
	EndGlobalSection
	GlobalSection(ProjectConfigurationPlatforms) = postSolution
		{40DECDEB-8739-48FE-B9A6-BF7314CAB312}.Debug|Any CPU.ActiveCfg = Debug|Any CPU
		{40DECDEB-8739-48FE-B9A6-BF7314CAB312}.Debug|Any CPU.Build.0 = Debug|Any CPU
		{40DECDEB-8739-48FE-B9A6-BF7314CAB312}.Release|Any CPU.ActiveCfg = Release|Any CPU
		{40DECDEB-8739-48FE-B9A6-BF7314CAB312}.Release|Any CPU.Build.0 = Release|Any CPU
	EndGlobalSection
	GlobalSection(SolutionProperties) = preSolution
		HideSolutionNode = FALSE
	EndGlobalSection
	GlobalSection(ExtensibilityGlobals) = postSolution
		SolutionGuid = {4731E66E-60D2-431D-AD02-DC6E327FE5E9}
	EndGlobalSection
EndGlobal
